
Microsoft Visual Studio Solution File, Format Version 12.00
# Visual Studio Version 16
VisualStudioVersion = 16.0.34407.143
MinimumVisualStudioVersion = 10.0.40219.1
Project("{8BC9CEB8-8B4A-11D0-8D11-00A0C91BC942}") = "PC_to_Arduino", "PC_to_Arduino\PC_to_Arduino.vcxproj", "{CEBA54CB-FE90-4513-A7F4-633AE7D96B88}"
EndProject
Global
	GlobalSection(SolutionConfigurationPlatforms) = preSolution
		Debug|x64 = Debug|x64
		Debug|x86 = Debug|x86
		Release|x64 = Release|x64
		Release|x86 = Release|x86
	EndGlobalSection
	GlobalSection(ProjectConfigurationPlatforms) = postSolution
		{CEBA54CB-FE90-4513-A7F4-633AE7D96B88}.Debug|x64.ActiveCfg = Debug|x64
		{CEBA54CB-FE90-4513-A7F4-633AE7D96B88}.Debug|x64.Build.0 = Debug|x64
		{CEBA54CB-FE90-4513-A7F4-633AE7D96B88}.Debug|x86.ActiveCfg = Debug|Win32
		{CEBA54CB-FE90-4513-A7F4-633AE7D96B88}.Debug|x86.Build.0 = Debug|Win32
		{CEBA54CB-FE90-4513-A7F4-633AE7D96B88}.Release|x64.ActiveCfg = Release|x64
		{CEBA54CB-FE90-4513-A7F4-633AE7D96B88}.Release|x64.Build.0 = Release|x64
		{CEBA54CB-FE90-4513-A7F4-633AE7D96B88}.Release|x86.ActiveCfg = Release|Win32
		{CEBA54CB-FE90-4513-A7F4-633AE7D96B88}.Release|x86.Build.0 = Release|Win32
	EndGlobalSection
	GlobalSection(SolutionProperties) = preSolution
		HideSolutionNode = FALSE
	EndGlobalSection
	GlobalSection(ExtensibilityGlobals) = postSolution
		SolutionGuid = {86B55FAB-33EE-46A0-AEB0-3F45D13CDAE8}
	EndGlobalSection
EndGlobal
